
Microsoft Visual Studio Solution File, Format Version 12.00
# Visual Studio Version 16
VisualStudioVersion = 16.0.31105.61
MinimumVisualStudioVersion = 10.0.40219.1
Project("{FAE04EC0-301F-11D3-BF4B-00C04F79EFBC}") = "IT Test", "IT Test\IT Test.csproj", "{4FA62210-81C1-41FB-A822-0EF417ED3765}"
EndProject
Global
	GlobalSection(SolutionConfigurationPlatforms) = preSolution
		Debug|Any CPU = Debug|Any CPU
		Release|Any CPU = Release|Any CPU
	EndGlobalSection
	GlobalSection(ProjectConfigurationPlatforms) = postSolution
		{4FA62210-81C1-41FB-A822-0EF417ED3765}.Debug|Any CPU.ActiveCfg = Debug|Any CPU
		{4FA62210-81C1-41FB-A822-0EF417ED3765}.Debug|Any CPU.Build.0 = Debug|Any CPU
		{4FA62210-81C1-41FB-A822-0EF417ED3765}.Release|Any CPU.ActiveCfg = Release|Any CPU
		{4FA62210-81C1-41FB-A822-0EF417ED3765}.Release|Any CPU.Build.0 = Release|Any CPU
	EndGlobalSection
	GlobalSection(SolutionProperties) = preSolution
		HideSolutionNode = FALSE
	EndGlobalSection
	GlobalSection(ExtensibilityGlobals) = postSolution
		SolutionGuid = {390D6D7A-386C-454F-92B3-D028EC4B1A7E}
	EndGlobalSection
EndGlobal
